# THIS IS AN AUTOGENERATED FILE. DO NOT EDIT THIS FILE DIRECTLY.
# yarn lockfile v1


"@babel/runtime@^7.22.6":
  version "7.22.10"
  resolved "https://registry.yarnpkg.com/@babel/runtime/-/runtime-7.22.10.tgz#ae3e9631fd947cb7e3610d3e9d8fef5f76696682"
  integrity sha512-21t/fkKLMZI4pqP2wlmsQAWnYW1PDyKyyUV4vCi+B25ydmdaYTKXPwCj0BzSUnZf4seIiYvSA3jcZ3gdsMFkLQ==
  dependencies:
    regenerator-runtime "^0.14.0"

"@tonejs/midi@^2.0.28":
  version "2.0.28"
  resolved "https://registry.yarnpkg.com/@tonejs/midi/-/midi-2.0.28.tgz#2fad0f62aa9a95ab0b5f151a6dcf03408f8d5442"
  integrity sha512-RII6YpInPsOZ5t3Si/20QKpNqB1lZ2OCFJSOzJxz38YdY/3zqDr3uaml4JuCWkdixuPqP1/TBnXzhQ39csyoVg==
  dependencies:
    array-flatten "^3.0.0"
    midi-file "^1.2.2"

"@types/lodash@^4.14.197":
  version "4.14.197"
  resolved "https://registry.yarnpkg.com/@types/lodash/-/lodash-4.14.197.tgz#e95c5ddcc814ec3e84c891910a01e0c8a378c54b"
  integrity sha512-BMVOiWs0uNxHVlHBgzTIqJYmj+PgCo4euloGF+5m4okL3rEYzM2EEv78mw8zWSMM57dM7kVIgJ2QDvwHSoCI5g==

array-flatten@^3.0.0:
  version "3.0.0"
  resolved "https://registry.yarnpkg.com/array-flatten/-/array-flatten-3.0.0.tgz#6428ca2ee52c7b823192ec600fa3ed2f157cd541"
  integrity sha512-zPMVc3ZYlGLNk4mpK1NzP2wg0ml9t7fUgDsayR5Y5rSzxQilzR9FGu/EH2jQOcKSAeAfWeylyW8juy3OkWRvNA==

automation-events@^6.0.8:
  version "6.0.8"
  resolved "https://registry.yarnpkg.com/automation-events/-/automation-events-6.0.8.tgz#52929699924cd791eaefc51916ffc033c4d0f42f"
  integrity sha512-OXI9rEbA0LwWr+Tmvka4EHtVHBIVw8KD2NM7fIGjd4dyGnuiM3ULZL+Jlo4aKXZDY98raT4R4rEDOHAbz8Jm9A==
  dependencies:
    "@babel/runtime" "^7.22.6"
    tslib "^2.6.1"

lodash@^4.17.21:
  version "4.17.21"
  resolved "https://registry.yarnpkg.com/lodash/-/lodash-4.17.21.tgz#679591c564c3bffaae8454cf0b3df370c3d6911c"
  integrity sha512-v2kDEe57lecTulaDIuNTPy3Ry4gLGJ6Z1O3vE1krgXZNrsQ+LFTGHVxVjcXPs17LhbZVGedAJv8XZ1tvj5FvSg==

midi-file@^1.2.2:
  version "1.2.4"
  resolved "https://registry.yarnpkg.com/midi-file/-/midi-file-1.2.4.tgz#e5803a8fc79cdd1692ac6ef6b1491043b397eb87"
  integrity sha512-B5SnBC6i2bwJIXTY9MElIydJwAmnKx+r5eJ1jknTLetzLflEl0GWveuBB6ACrQpecSRkOB6fhTx1PwXk2BVxnA==

regenerator-runtime@^0.14.0:
  version "0.14.0"
  resolved "https://registry.yarnpkg.com/regenerator-runtime/-/regenerator-runtime-0.14.0.tgz#5e19d68eb12d486f797e15a3c6a918f7cec5eb45"
  integrity sha512-srw17NI0TUWHuGa5CFGGmhfNIeja30WMBfbslPNhf6JrqQlLN5gcrvig1oqPxiVaXb0oW0XRKtH6Nngs5lKCIA==

standardized-audio-context@^25.1.8:
  version "25.3.55"
  resolved "https://registry.yarnpkg.com/standardized-audio-context/-/standardized-audio-context-25.3.55.tgz#4d87ea6052de80ecf5abf56eb71ecd71f7e52e4e"
  integrity sha512-ym9g7FZ5S1FykbQ1///ktTJgk+zTtGF1hGR/BFRQjRkN6G2Xy9GbL5kOcM7DlzflV2yJtqVwfU2gL042b1oHwg==
  dependencies:
    "@babel/runtime" "^7.22.6"
    automation-events "^6.0.8"
    tslib "^2.6.1"

tone@^14.7.77:
  version "14.7.77"
  resolved "https://registry.yarnpkg.com/tone/-/tone-14.7.77.tgz#12a2a9f033952ccdb552275a6384ca5d36d4b5ed"
  integrity sha512-tCfK73IkLHyzoKUvGq47gyDyxiKLFvKiVCOobynGgBB9Dl0NkxTM2p+eRJXyCYrjJwy9Y0XCMqD3uOYsYt2Fdg==
  dependencies:
    standardized-audio-context "^25.1.8"
    tslib "^2.0.1"

tslib@^2.0.1, tslib@^2.6.1:
  version "2.6.1"
  resolved "https://registry.yarnpkg.com/tslib/-/tslib-2.6.1.tgz#fd8c9a0ff42590b25703c0acb3de3d3f4ede0410"
  integrity sha512-t0hLfiEKfMUoqhG+U1oid7Pva4bbDPHYfJNiB7BiIjRkj1pyC++4N3huJfqY6aRH6VTB0rvtzQwjM4K6qpfOig==
